PODS:
  - FlutterMacOS (1.0.0)
  - r_get_ip (0.0.1):
    - FlutterMacOS

DEPENDENCIES:
  - FlutterMacOS (from `Flutter/ephemeral`)
  - r_get_ip (from `Flutter/ephemeral/.symlinks/plugins/r_get_ip/macos`)

EXTERNAL SOURCES:
  FlutterMacOS:
    :path: Flutter/ephemeral
  r_get_ip:
    :path: Flutter/ephemeral/.symlinks/plugins/r_get_ip/macos

SPEC CHECKSUMS:
  FlutterMacOS: 57701585bf7de1b3fc2bb61f6378d73bbdea8424
  r_get_ip: 6359e31b5cf2d9122e6da33bcd1ddb80e4f5cc25

PODFILE CHECKSUM: 6eac6b3292e5142cfc23bdeb71848a40ec51c14c

COCOAPODS: 1.10.1
